
Microsoft Visual Studio Solution File, Format Version 12.00
# Visual Studio Version 17
VisualStudioVersion = 17.4.33205.214
MinimumVisualStudioVersion = 10.0.40219.1
Project("{8BC9CEB8-8B4A-11D0-8D11-00A0C91BC942}") = "DataContainers", "DataContainers\DataContainers.vcxproj", "{BDEEDA36-421E-4949-9818-B511E6114C42}"
EndProject
Project("{8BC9CEB8-8B4A-11D0-8D11-00A0C91BC942}") = "ForwardList", "ForwardList\ForwardList.vcxproj", "{E4ECB001-A159-42F0-84B7-AEFD313BA24C}"
EndProject
Project("{8BC9CEB8-8B4A-11D0-8D11-00A0C91BC942}") = "ForwardList2", "ForwardList2\ForwardList2.vcxproj", "{D943EBCA-8C74-4125-B9F9-D0158444FA1D}"
EndProject
Project("{8BC9CEB8-8B4A-11D0-8D11-00A0C91BC942}") = "ClassList2", "ClassList2\ClassList2.vcxproj", "{CDAC3E63-F4EC-491F-90AD-986A92F08EAE}"
EndProject
Project("{8BC9CEB8-8B4A-11D0-8D11-00A0C91BC942}") = "BinaryTree", "BinaryTree\BinaryTree.vcxproj", "{6C16171D-380B-477C-A1B7-C5239EB541BF}"
EndProject
Project("{8BC9CEB8-8B4A-11D0-8D11-00A0C91BC942}") = "FunctionPointers", "FunctionPointers\FunctionPointers.vcxproj", "{D1740644-67C8-4EE0-BDF9-B21569B253E8}"
EndProject
Global
	GlobalSection(SolutionConfigurationPlatforms) = preSolution
		Debug|x64 = Debug|x64
		Debug|x86 = Debug|x86
		Release|x64 = Release|x64
		Release|x86 = Release|x86
	EndGlobalSection
	GlobalSection(ProjectConfigurationPlatforms) = postSolution
		{BDEEDA36-421E-4949-9818-B511E6114C42}.Debug|x64.ActiveCfg = Debug|x64
		{BDEEDA36-421E-4949-9818-B511E6114C42}.Debug|x64.Build.0 = Debug|x64
		{BDEEDA36-421E-4949-9818-B511E6114C42}.Debug|x86.ActiveCfg = Debug|Win32
		{BDEEDA36-421E-4949-9818-B511E6114C42}.Debug|x86.Build.0 = Debug|Win32
		{BDEEDA36-421E-4949-9818-B511E6114C42}.Release|x64.ActiveCfg = Release|x64
		{BDEEDA36-421E-4949-9818-B511E6114C42}.Release|x64.Build.0 = Release|x64
		{BDEEDA36-421E-4949-9818-B511E6114C42}.Release|x86.ActiveCfg = Release|Win32
		{BDEEDA36-421E-4949-9818-B511E6114C42}.Release|x86.Build.0 = Release|Win32
		{E4ECB001-A159-42F0-84B7-AEFD313BA24C}.Debug|x64.ActiveCfg = Debug|x64
		{E4ECB001-A159-42F0-84B7-AEFD313BA24C}.Debug|x64.Build.0 = Debug|x64
		{E4ECB001-A159-42F0-84B7-AEFD313BA24C}.Debug|x86.ActiveCfg = Debug|Win32
		{E4ECB001-A159-42F0-84B7-AEFD313BA24C}.Debug|x86.Build.0 = Debug|Win32
		{E4ECB001-A159-42F0-84B7-AEFD313BA24C}.Release|x64.ActiveCfg = Release|x64
		{E4ECB001-A159-42F0-84B7-AEFD313BA24C}.Release|x64.Build.0 = Release|x64
		{E4ECB001-A159-42F0-84B7-AEFD313BA24C}.Release|x86.ActiveCfg = Release|Win32
		{E4ECB001-A159-42F0-84B7-AEFD313BA24C}.Release|x86.Build.0 = Release|Win32
		{D943EBCA-8C74-4125-B9F9-D0158444FA1D}.Debug|x64.ActiveCfg = Debug|x64
		{D943EBCA-8C74-4125-B9F9-D0158444FA1D}.Debug|x64.Build.0 = Debug|x64
		{D943EBCA-8C74-4125-B9F9-D0158444FA1D}.Debug|x86.ActiveCfg = Debug|Win32
		{D943EBCA-8C74-4125-B9F9-D0158444FA1D}.Debug|x86.Build.0 = Debug|Win32
		{D943EBCA-8C74-4125-B9F9-D0158444FA1D}.Release|x64.ActiveCfg = Release|x64
		{D943EBCA-8C74-4125-B9F9-D0158444FA1D}.Release|x64.Build.0 = Release|x64
		{D943EBCA-8C74-4125-B9F9-D0158444FA1D}.Release|x86.ActiveCfg = Release|Win32
		{D943EBCA-8C74-4125-B9F9-D0158444FA1D}.Release|x86.Build.0 = Release|Win32
		{CDAC3E63-F4EC-491F-90AD-986A92F08EAE}.Debug|x64.ActiveCfg = Debug|x64
		{CDAC3E63-F4EC-491F-90AD-986A92F08EAE}.Debug|x64.Build.0 = Debug|x64
		{CDAC3E63-F4EC-491F-90AD-986A92F08EAE}.Debug|x86.ActiveCfg = Debug|Win32
		{CDAC3E63-F4EC-491F-90AD-986A92F08EAE}.Debug|x86.Build.0 = Debug|Win32
		{CDAC3E63-F4EC-491F-90AD-986A92F08EAE}.Release|x64.ActiveCfg = Release|x64
		{CDAC3E63-F4EC-491F-90AD-986A92F08EAE}.Release|x64.Build.0 = Release|x64
		{CDAC3E63-F4EC-491F-90AD-986A92F08EAE}.Release|x86.ActiveCfg = Release|Win32
		{CDAC3E63-F4EC-491F-90AD-986A92F08EAE}.Release|x86.Build.0 = Release|Win32
		{6C16171D-380B-477C-A1B7-C5239EB541BF}.Debug|x64.ActiveCfg = Debug|x64
		{6C16171D-380B-477C-A1B7-C5239EB541BF}.Debug|x64.Build.0 = Debug|x64
		{6C16171D-380B-477C-A1B7-C5239EB541BF}.Debug|x86.ActiveCfg = Debug|Win32
		{6C16171D-380B-477C-A1B7-C5239EB541BF}.Debug|x86.Build.0 = Debug|Win32
		{6C16171D-380B-477C-A1B7-C5239EB541BF}.Release|x64.ActiveCfg = Release|x64
		{6C16171D-380B-477C-A1B7-C5239EB541BF}.Release|x64.Build.0 = Release|x64
		{6C16171D-380B-477C-A1B7-C5239EB541BF}.Release|x86.ActiveCfg = Release|Win32
		{6C16171D-380B-477C-A1B7-C5239EB541BF}.Release|x86.Build.0 = Release|Win32
		{D1740644-67C8-4EE0-BDF9-B21569B253E8}.Debug|x64.ActiveCfg = Debug|x64
		{D1740644-67C8-4EE0-BDF9-B21569B253E8}.Debug|x64.Build.0 = Debug|x64
		{D1740644-67C8-4EE0-BDF9-B21569B253E8}.Debug|x86.ActiveCfg = Debug|Win32
		{D1740644-67C8-4EE0-BDF9-B21569B253E8}.Debug|x86.Build.0 = Debug|Win32
		{D1740644-67C8-4EE0-BDF9-B21569B253E8}.Release|x64.ActiveCfg = Release|x64
		{D1740644-67C8-4EE0-BDF9-B21569B253E8}.Release|x64.Build.0 = Release|x64
		{D1740644-67C8-4EE0-BDF9-B21569B253E8}.Release|x86.ActiveCfg = Release|Win32
		{D1740644-67C8-4EE0-BDF9-B21569B253E8}.Release|x86.Build.0 = Release|Win32
	EndGlobalSection
	GlobalSection(SolutionProperties) = preSolution
		HideSolutionNode = FALSE
	EndGlobalSection
	GlobalSection(ExtensibilityGlobals) = postSolution
		SolutionGuid = {9A7BA008-EE93-4057-BCE3-9A0971A48F3A}
	EndGlobalSection
EndGlobal
